
Microsoft Visual Studio Solution File, Format Version 12.00
# Visual Studio Version 17
VisualStudioVersion = 17.0.31912.275
MinimumVisualStudioVersion = 10.0.40219.1
Project("{9A19103F-16F7-4668-BE54-9A1E7A4F7556}") = "CourseManagement", "CourseManagement.csproj", "{3B260AA7-6F8B-4696-B7D4-B288B9F0CB22}"
EndProject
Global
	GlobalSection(SolutionConfigurationPlatforms) = preSolution
		Debug|Any CPU = Debug|Any CPU
		Release|Any CPU = Release|Any CPU
	EndGlobalSection
	GlobalSection(ProjectConfigurationPlatforms) = postSolution
		{3B260AA7-6F8B-4696-B7D4-B288B9F0CB22}.Debug|Any CPU.ActiveCfg = Debug|Any CPU
		{3B260AA7-6F8B-4696-B7D4-B288B9F0CB22}.Debug|Any CPU.Build.0 = Debug|Any CPU
		{3B260AA7-6F8B-4696-B7D4-B288B9F0CB22}.Release|Any CPU.ActiveCfg = Release|Any CPU
		{3B260AA7-6F8B-4696-B7D4-B288B9F0CB22}.Release|Any CPU.Build.0 = Release|Any CPU
	EndGlobalSection
	GlobalSection(SolutionProperties) = preSolution
		HideSolutionNode = FALSE
	EndGlobalSection
	GlobalSection(ExtensibilityGlobals) = postSolution
		SolutionGuid = {EC0C9186-8820-4304-BBB0-DA4179AF69A8}
	EndGlobalSection
EndGlobal
